
Microsoft Visual Studio Solution File, Format Version 12.00
# Visual Studio Version 17
VisualStudioVersion = 17.6.33815.320
MinimumVisualStudioVersion = 10.0.40219.1
Project("{FAE04EC0-301F-11D3-BF4B-00C04F79EFBC}") = "TiemposMuertosMVC2023", "TiemposMuertosMVC2023\TiemposMuertosMVC2023.csproj", "{C3222E9F-E398-4F8D-A442-2C37A78447BB}"
EndProject
Global
	GlobalSection(SolutionConfigurationPlatforms) = preSolution
		Debug|Any CPU = Debug|Any CPU
		Release|Any CPU = Release|Any CPU
	EndGlobalSection
	GlobalSection(ProjectConfigurationPlatforms) = postSolution
		{C3222E9F-E398-4F8D-A442-2C37A78447BB}.Debug|Any CPU.ActiveCfg = Debug|Any CPU
		{C3222E9F-E398-4F8D-A442-2C37A78447BB}.Debug|Any CPU.Build.0 = Debug|Any CPU
		{C3222E9F-E398-4F8D-A442-2C37A78447BB}.Release|Any CPU.ActiveCfg = Release|Any CPU
		{C3222E9F-E398-4F8D-A442-2C37A78447BB}.Release|Any CPU.Build.0 = Release|Any CPU
	EndGlobalSection
	GlobalSection(SolutionProperties) = preSolution
		HideSolutionNode = FALSE
	EndGlobalSection
	GlobalSection(ExtensibilityGlobals) = postSolution
		SolutionGuid = {24B479D2-B6C6-4BF4-AC28-DA3C01845B38}
	EndGlobalSection
EndGlobal
